// !$*UTF8*$!
{
	archiveVersion = 1;
	classes = {
	};
	objectVersion = 46;
	objects = {

/* Begin PBXBuildFile section */
		1367BBC31C3BDF4A00E0716B /* BaseViewController.m in Sources */ = {isa = PBXBuildFile; fileRef = 1367BBC01C3BDF4A00E0716B /* BaseViewController.m */; };
		1367BBC41C3BDF4A00E0716B /* RootViewController.m in Sources */ = {isa = PBXBuildFile; fileRef = 1367BBC21C3BDF4A00E0716B /* RootViewController.m */; };
		1367BBC71C3BDFF600E0716B /* HTMLStringDemoViewController.m in Sources */ = {isa = PBXBuildFile; fileRef = 1367BBC61C3BDFF600E0716B /* HTMLStringDemoViewController.m */; };
		1367BBCA1C3BE21500E0716B /* HTMLFileDemoViewController.m in Sources */ = {isa = PBXBuildFile; fileRef = 1367BBC91C3BE21500E0716B /* HTMLFileDemoViewController.m */; };
		1367BBDA1C3BED2E00E0716B /* ioapi.c in Sources */ = {isa = PBXBuildFile; fileRef = 1367BBD01C3BED2E00E0716B /* ioapi.c */; };
		1367BBDB1C3BED2E00E0716B /* mztools.c in Sources */ = {isa = PBXBuildFile; fileRef = 1367BBD21C3BED2E00E0716B /* mztools.c */; };
		1367BBDC1C3BED2E00E0716B /* unzip.c in Sources */ = {isa = PBXBuildFile; fileRef = 1367BBD41C3BED2E00E0716B /* unzip.c */; };
		1367BBDD1C3BED2E00E0716B /* zip.c in Sources */ = {isa = PBXBuildFile; fileRef = 1367BBD61C3BED2E00E0716B /* zip.c */; };
		1367BBDE1C3BED2E00E0716B /* ZipArchive.mm in Sources */ = {isa = PBXBuildFile; fileRef = 1367BBD91C3BED2E00E0716B /* ZipArchive.mm */; settings = {COMPILER_FLAGS = "-fno-objc-arc"; }; };
		1367BBE11C3BED8000E0716B /* HTMLDownDemoViewController.m in Sources */ = {isa = PBXBuildFile; fileRef = 1367BBE01C3BED8000E0716B /* HTMLDownDemoViewController.m */; };
		1367BBE31C3BEE7200E0716B /* libz.tbd in Frameworks */ = {isa = PBXBuildFile; fileRef = 1367BBE21C3BEE7200E0716B /* libz.tbd */; };
		1367BBE51C3BEE7F00E0716B /* AssetsLibrary.framework in Frameworks */ = {isa = PBXBuildFile; fileRef = 1367BBE41C3BEE7F00E0716B /* AssetsLibrary.framework */; };
		1367BBE71C3BEE8900E0716B /* MobileCoreServices.framework in Frameworks */ = {isa = PBXBuildFile; fileRef = 1367BBE61C3BEE8900E0716B /* MobileCoreServices.framework */; };
		F953AF7D1BF9749300E6712C /* main.m in Sources */ = {isa = PBXBuildFile; fileRef = F953AF7C1BF9749300E6712C /* main.m */; };
		F953AF801BF9749300E6712C /* AppDelegate.m in Sources */ = {isa = PBXBuildFile; fileRef = F953AF7F1BF9749300E6712C /* AppDelegate.m */; };
		F953AF861BF9749300E6712C /* Main.storyboard in Resources */ = {isa = PBXBuildFile; fileRef = F953AF841BF9749300E6712C /* Main.storyboard */; };
		F953AF881BF9749300E6712C /* Assets.xcassets in Resources */ = {isa = PBXBuildFile; fileRef = F953AF871BF9749300E6712C /* Assets.xcassets */; };
		F953AF8B1BF9749300E6712C /* LaunchScreen.storyboard in Resources */ = {isa = PBXBuildFile; fileRef = F953AF891BF9749300E6712C /* LaunchScreen.storyboard */; };
		F953AF961BF9749300E6712C /* testDemoTests.m in Sources */ = {isa = PBXBuildFile; fileRef = F953AF951BF9749300E6712C /* testDemoTests.m */; };
		F953AFA11BF9749300E6712C /* testDemoUITests.m in Sources */ = {isa = PBXBuildFile; fileRef = F953AFA01BF9749300E6712C /* testDemoUITests.m */; };
		F953AFB61BF9ACF600E6712C /* index.css in Resources */ = {isa = PBXBuildFile; fileRef = F953AFB41BF9ACF600E6712C /* index.css */; };
		F953AFB71BF9ACF600E6712C /* index.js in Resources */ = {isa = PBXBuildFile; fileRef = F953AFB51BF9ACF600E6712C /* index.js */; };
		F953AFBA1BF9DE5900E6712C /* 2.pic_hd.jpg in Resources */ = {isa = PBXBuildFile; fileRef = F953AFB91BF9DE5900E6712C /* 2.pic_hd.jpg */; };
		F953AFBC1BF9E08F00E6712C /* index.html in Resources */ = {isa = PBXBuildFile; fileRef = F953AFBB1BF9E08F00E6712C /* index.html */; };
/* End PBXBuildFile section */

/* Begin PBXContainerItemProxy section */
		F953AF921BF9749300E6712C /* PBXContainerItemProxy */ = {
			isa = PBXContainerItemProxy;
			containerPortal = F953AF701BF9749300E6712C /* Project object */;
			proxyType = 1;
			remoteGlobalIDString = F953AF771BF9749300E6712C;
			remoteInfo = testDemo;
		};
		F953AF9D1BF9749300E6712C /* PBXContainerItemProxy */ = {
			isa = PBXContainerItemProxy;
			containerPortal = F953AF701BF9749300E6712C /* Project object */;
			proxyType = 1;
			remoteGlobalIDString = F953AF771BF9749300E6712C;
			remoteInfo = testDemo;
		};
/* End PBXContainerItemProxy section */

/* Begin PBXFileReference section */
		1367BBBF1C3BDF4A00E0716B /* BaseViewController.h */ = {isa = PBXFileReference; fileEncoding = 4; lastKnownFileType = sourcecode.c.h; path = BaseViewController.h; sourceTree = "<group>"; };
		1367BBC01C3BDF4A00E0716B /* BaseViewController.m */ = {isa = PBXFileReference; fileEncoding = 4; lastKnownFileType = sourcecode.c.objc; path = BaseViewController.m; sourceTree = "<group>"; };
		1367BBC11C3BDF4A00E0716B /* RootViewController.h */ = {isa = PBXFileReference; fileEncoding = 4; lastKnownFileType = sourcecode.c.h; path = RootViewController.h; sourceTree = "<group>"; };
		1367BBC21C3BDF4A00E0716B /* RootViewController.m */ = {isa = PBXFileReference; fileEncoding = 4; lastKnownFileType = sourcecode.c.objc; path = RootViewController.m; sourceTree = "<group>"; };
		1367BBC51C3BDFF600E0716B /* HTMLStringDemoViewController.h */ = {isa = PBXFileReference; fileEncoding = 4; lastKnownFileType = sourcecode.c.h; path = HTMLStringDemoViewController.h; sourceTree = "<group>"; };
		1367BBC61C3BDFF600E0716B /* HTMLStringDemoViewController.m */ = {isa = PBXFileReference; fileEncoding = 4; lastKnownFileType = sourcecode.c.objc; path = HTMLStringDemoViewController.m; sourceTree = "<group>"; };
		1367BBC81C3BE21500E0716B /* HTMLFileDemoViewController.h */ = {isa = PBXFileReference; fileEncoding = 4; lastKnownFileType = sourcecode.c.h; path = HTMLFileDemoViewController.h; sourceTree = "<group>"; };
		1367BBC91C3BE21500E0716B /* HTMLFileDemoViewController.m */ = {isa = PBXFileReference; fileEncoding = 4; lastKnownFileType = sourcecode.c.objc; path = HTMLFileDemoViewController.m; sourceTree = "<group>"; };
		1367BBCF1C3BED2E00E0716B /* crypt.h */ = {isa = PBXFileReference; fileEncoding = 4; lastKnownFileType = sourcecode.c.h; path = crypt.h; sourceTree = "<group>"; };
		1367BBD01C3BED2E00E0716B /* ioapi.c */ = {isa = PBXFileReference; fileEncoding = 4; lastKnownFileType = sourcecode.c.c; path = ioapi.c; sourceTree = "<group>"; };
		1367BBD11C3BED2E00E0716B /* ioapi.h */ = {isa = PBXFileReference; fileEncoding = 4; lastKnownFileType = sourcecode.c.h; path = ioapi.h; sourceTree = "<group>"; };
		1367BBD21C3BED2E00E0716B /* mztools.c */ = {isa = PBXFileReference; fileEncoding = 4; lastKnownFileType = sourcecode.c.c; path = mztools.c; sourceTree = "<group>"; };
		1367BBD31C3BED2E00E0716B /* mztools.h */ = {isa = PBXFileReference; fileEncoding = 4; lastKnownFileType = sourcecode.c.h; path = mztools.h; sourceTree = "<group>"; };
		1367BBD41C3BED2E00E0716B /* unzip.c */ = {isa = PBXFileReference; fileEncoding = 4; lastKnownFileType = sourcecode.c.c; path = unzip.c; sourceTree = "<group>"; };
		1367BBD51C3BED2E00E0716B /* unzip.h */ = {isa = PBXFileReference; fileEncoding = 4; lastKnownFileType = sourcecode.c.h; path = unzip.h; sourceTree = "<group>"; };
		1367BBD61C3BED2E00E0716B /* zip.c */ = {isa = PBXFileReference; fileEncoding = 4; lastKnownFileType = sourcecode.c.c; path = zip.c; sourceTree = "<group>"; };
		1367BBD71C3BED2E00E0716B /* zip.h */ = {isa = PBXFileReference; fileEncoding = 4; lastKnownFileType = sourcecode.c.h; path = zip.h; sourceTree = "<group>"; };
		1367BBD81C3BED2E00E0716B /* ZipArchive.h */ = {isa = PBXFileReference; fileEncoding = 4; lastKnownFileType = sourcecode.c.h; path = ZipArchive.h; sourceTree = "<group>"; };
		1367BBD91C3BED2E00E0716B /* ZipArchive.mm */ = {isa = PBXFileReference; fileEncoding = 4; lastKnownFileType = sourcecode.cpp.objcpp; path = ZipArchive.mm; sourceTree = "<group>"; };
		1367BBDF1C3BED8000E0716B /* HTMLDownDemoViewController.h */ = {isa = PBXFileReference; fileEncoding = 4; lastKnownFileType = sourcecode.c.h; path = HTMLDownDemoViewController.h; sourceTree = "<group>"; };
		1367BBE01C3BED8000E0716B /* HTMLDownDemoViewController.m */ = {isa = PBXFileReference; fileEncoding = 4; lastKnownFileType = sourcecode.c.objc; path = HTMLDownDemoViewController.m; sourceTree = "<group>"; };
		1367BBE21C3BEE7200E0716B /* libz.tbd */ = {isa = PBXFileReference; lastKnownFileType = "sourcecode.text-based-dylib-definition"; name = libz.tbd; path = usr/lib/libz.tbd; sourceTree = SDKROOT; };
		1367BBE41C3BEE7F00E0716B /* AssetsLibrary.framework */ = {isa = PBXFileReference; lastKnownFileType = wrapper.framework; name = AssetsLibrary.framework; path = System/Library/Frameworks/AssetsLibrary.framework; sourceTree = SDKROOT; };
		1367BBE61C3BEE8900E0716B /* MobileCoreServices.framework */ = {isa = PBXFileReference; lastKnownFileType = wrapper.framework; name = MobileCoreServices.framework; path = System/Library/Frameworks/MobileCoreServices.framework; sourceTree = SDKROOT; };
		F953AF781BF9749300E6712C /* HtmlDemo.app */ = {isa = PBXFileReference; explicitFileType = wrapper.application; includeInIndex = 0; path = HtmlDemo.app; sourceTree = BUILT_PRODUCTS_DIR; };
		F953AF7C1BF9749300E6712C /* main.m */ = {isa = PBXFileReference; lastKnownFileType = sourcecode.c.objc; path = main.m; sourceTree = "<group>"; };
		F953AF7E1BF9749300E6712C /* AppDelegate.h */ = {isa = PBXFileReference; lastKnownFileType = sourcecode.c.h; path = AppDelegate.h; sourceTree = "<group>"; };
		F953AF7F1BF9749300E6712C /* AppDelegate.m */ = {isa = PBXFileReference; lastKnownFileType = sourcecode.c.objc; path = AppDelegate.m; sourceTree = "<group>"; };
		F953AF851BF9749300E6712C /* Base */ = {isa = PBXFileReference; lastKnownFileType = file.storyboard; name = Base; path = Base.lproj/Main.storyboard; sourceTree = "<group>"; };
		F953AF871BF9749300E6712C /* Assets.xcassets */ = {isa = PBXFileReference; lastKnownFileType = folder.assetcatalog; path = Assets.xcassets; sourceTree = "<group>"; };
		F953AF8A1BF9749300E6712C /* Base */ = {isa = PBXFileReference; lastKnownFileType = file.storyboard; name = Base; path = Base.lproj/LaunchScreen.storyboard; sourceTree = "<group>"; };
		F953AF8C1BF9749300E6712C /* Info.plist */ = {isa = PBXFileReference; lastKnownFileType = text.plist.xml; path = Info.plist; sourceTree = "<group>"; };
		F953AF911BF9749300E6712C /* HtmlDemoTests.xctest */ = {isa = PBXFileReference; explicitFileType = wrapper.cfbundle; includeInIndex = 0; path = HtmlDemoTests.xctest; sourceTree = BUILT_PRODUCTS_DIR; };
		F953AF951BF9749300E6712C /* testDemoTests.m */ = {isa = PBXFileReference; lastKnownFileType = sourcecode.c.objc; path = testDemoTests.m; sourceTree = "<group>"; };
		F953AF971BF9749300E6712C /* Info.plist */ = {isa = PBXFileReference; lastKnownFileType = text.plist.xml; path = Info.plist; sourceTree = "<group>"; };
		F953AF9C1BF9749300E6712C /* HtmlDemoTests.xctest */ = {isa = PBXFileReference; explicitFileType = wrapper.cfbundle; includeInIndex = 0; path = HtmlDemoTests.xctest; sourceTree = BUILT_PRODUCTS_DIR; };
		F953AFA01BF9749300E6712C /* testDemoUITests.m */ = {isa = PBXFileReference; lastKnownFileType = sourcecode.c.objc; path = testDemoUITests.m; sourceTree = "<group>"; };
		F953AFA21BF9749300E6712C /* Info.plist */ = {isa = PBXFileReference; lastKnownFileType = text.plist.xml; path = Info.plist; sourceTree = "<group>"; };
		F953AFB41BF9ACF600E6712C /* index.css */ = {isa = PBXFileReference; fileEncoding = 4; lastKnownFileType = text.css; path = index.css; sourceTree = "<group>"; };
		F953AFB51BF9ACF600E6712C /* index.js */ = {isa = PBXFileReference; fileEncoding = 4; lastKnownFileType = sourcecode.javascript; path = index.js; sourceTree = "<group>"; };
		F953AFB91BF9DE5900E6712C /* 2.pic_hd.jpg */ = {isa = PBXFileReference; lastKnownFileType = image.jpeg; path = 2.pic_hd.jpg; sourceTree = "<group>"; };
		F953AFBB1BF9E08F00E6712C /* index.html */ = {isa = PBXFileReference; fileEncoding = 4; lastKnownFileType = text.html; path = index.html; sourceTree = "<group>"; };
/* End PBXFileReference section */

/* Begin PBXFrameworksBuildPhase section */
		F953AF751BF9749300E6712C /* Frameworks */ = {
			isa = PBXFrameworksBuildPhase;
			buildActionMask = 2147483647;
			files = (
				1367BBE71C3BEE8900E0716B /* MobileCoreServices.framework in Frameworks */,
				1367BBE51C3BEE7F00E0716B /* AssetsLibrary.framework in Frameworks */,
				1367BBE31C3BEE7200E0716B /* libz.tbd in Frameworks */,
			);
			runOnlyForDeploymentPostprocessing = 0;
		};
		F953AF8E1BF9749300E6712C /* Frameworks */ = {
			isa = PBXFrameworksBuildPhase;
			buildActionMask = 2147483647;
			files = (
			);
			runOnlyForDeploymentPostprocessing = 0;
		};
		F953AF991BF9749300E6712C /* Frameworks */ = {
			isa = PBXFrameworksBuildPhase;
			buildActionMask = 2147483647;
			files = (
			);
			runOnlyForDeploymentPostprocessing = 0;
		};
/* End PBXFrameworksBuildPhase section */

/* Begin PBXGroup section */
		1367BBBE1C3BDF4A00E0716B /* Controller */ = {
			isa = PBXGroup;
			children = (
				1367BBBF1C3BDF4A00E0716B /* BaseViewController.h */,
				1367BBC01C3BDF4A00E0716B /* BaseViewController.m */,
				1367BBC11C3BDF4A00E0716B /* RootViewController.h */,
				1367BBC21C3BDF4A00E0716B /* RootViewController.m */,
				1367BBC51C3BDFF600E0716B /* HTMLStringDemoViewController.h */,
				1367BBC61C3BDFF600E0716B /* HTMLStringDemoViewController.m */,
				1367BBC81C3BE21500E0716B /* HTMLFileDemoViewController.h */,
				1367BBC91C3BE21500E0716B /* HTMLFileDemoViewController.m */,
				1367BBDF1C3BED8000E0716B /* HTMLDownDemoViewController.h */,
				1367BBE01C3BED8000E0716B /* HTMLDownDemoViewController.m */,
			);
			path = Controller;
			sourceTree = "<group>";
		};
		1367BBCC1C3BED2E00E0716B /* Lib */ = {
			isa = PBXGroup;
			children = (
				1367BBCD1C3BED2E00E0716B /* ZipArchive */,
			);
			path = Lib;
			sourceTree = "<group>";
		};
		1367BBCD1C3BED2E00E0716B /* ZipArchive */ = {
			isa = PBXGroup;
			children = (
				1367BBCE1C3BED2E00E0716B /* minizip */,
				1367BBD81C3BED2E00E0716B /* ZipArchive.h */,
				1367BBD91C3BED2E00E0716B /* ZipArchive.mm */,
			);
			path = ZipArchive;
			sourceTree = "<group>";
		};
		1367BBCE1C3BED2E00E0716B /* minizip */ = {
			isa = PBXGroup;
			children = (
				1367BBCF1C3BED2E00E0716B /* crypt.h */,
				1367BBD01C3BED2E00E0716B /* ioapi.c */,
				1367BBD11C3BED2E00E0716B /* ioapi.h */,
				1367BBD21C3BED2E00E0716B /* mztools.c */,
				1367BBD31C3BED2E00E0716B /* mztools.h */,
				1367BBD41C3BED2E00E0716B /* unzip.c */,
				1367BBD51C3BED2E00E0716B /* unzip.h */,
				1367BBD61C3BED2E00E0716B /* zip.c */,
				1367BBD71C3BED2E00E0716B /* zip.h */,
			);
			path = minizip;
			sourceTree = "<group>";
		};
		F953AF6F1BF9749300E6712C = {
			isa = PBXGroup;
			children = (
				1367BBE61C3BEE8900E0716B /* MobileCoreServices.framework */,
				1367BBE41C3BEE7F00E0716B /* AssetsLibrary.framework */,
				1367BBE21C3BEE7200E0716B /* libz.tbd */,
				F953AF7A1BF9749300E6712C /* testDemo */,
				F953AF941BF9749300E6712C /* testDemoTests */,
				F953AF9F1BF9749300E6712C /* testDemoUITests */,
				F953AF791BF9749300E6712C /* Products */,
			);
			sourceTree = "<group>";
		};
		F953AF791BF9749300E6712C /* Products */ = {
			isa = PBXGroup;
			children = (
				F953AF781BF9749300E6712C /* HtmlDemo.app */,
				F953AF911BF9749300E6712C /* HtmlDemoTests.xctest */,
				F953AF9C1BF9749300E6712C /* HtmlDemoTests.xctest */,
			);
			name = Products;
			sourceTree = "<group>";
		};
		F953AF7A1BF9749300E6712C /* testDemo */ = {
			isa = PBXGroup;
			children = (
				1367BBCC1C3BED2E00E0716B /* Lib */,
				1367BBBE1C3BDF4A00E0716B /* Controller */,
				F953AF7E1BF9749300E6712C /* AppDelegate.h */,
				F953AF7F1BF9749300E6712C /* AppDelegate.m */,
				F953AF841BF9749300E6712C /* Main.storyboard */,
				F953AF871BF9749300E6712C /* Assets.xcassets */,
				F953AF891BF9749300E6712C /* LaunchScreen.storyboard */,
				F953AF8C1BF9749300E6712C /* Info.plist */,
				F953AF7B1BF9749300E6712C /* Supporting Files */,
			);
			path = testDemo;
			sourceTree = "<group>";
		};
		F953AF7B1BF9749300E6712C /* Supporting Files */ = {
			isa = PBXGroup;
			children = (
				F953AFB31BF9ACF600E6712C /* resource */,
				F953AF7C1BF9749300E6712C /* main.m */,
			);
			name = "Supporting Files";
			sourceTree = "<group>";
		};
		F953AF941BF9749300E6712C /* testDemoTests */ = {
			isa = PBXGroup;
			children = (
				F953AF951BF9749300E6712C /* testDemoTests.m */,
				F953AF971BF9749300E6712C /* Info.plist */,
			);
			path = testDemoTests;
			sourceTree = "<group>";
		};
		F953AF9F1BF9749300E6712C /* testDemoUITests */ = {
			isa = PBXGroup;
			children = (
				F953AFA01BF9749300E6712C /* testDemoUITests.m */,
				F953AFA21BF9749300E6712C /* Info.plist */,
			);
			path = testDemoUITests;
			sourceTree = "<group>";
		};
		F953AFB31BF9ACF600E6712C /* resource */ = {
			isa = PBXGroup;
			children = (
				F953AFB91BF9DE5900E6712C /* 2.pic_hd.jpg */,
				F953AFB41BF9ACF600E6712C /* index.css */,
				F953AFB51BF9ACF600E6712C /* index.js */,
				F953AFBB1BF9E08F00E6712C /* index.html */,
			);
			path = resource;
			sourceTree = "<group>";
		};
/* End PBXGroup section */

/* Begin PBXNativeTarget section */
		F953AF771BF9749300E6712C /* HtmlDemo */ = {
			isa = PBXNativeTarget;
			buildConfigurationList = F953AFA51BF9749300E6712C /* Build configuration list for PBXNativeTarget "HtmlDemo" */;
			buildPhases = (
				F953AF741BF9749300E6712C /* Sources */,
				F953AF751BF9749300E6712C /* Frameworks */,
				F953AF761BF9749300E6712C /* Resources */,
			);
			buildRules = (
			);
			dependencies = (
			);
			name = HtmlDemo;
			productName = testDemo;
			productReference = F953AF781BF9749300E6712C /* HtmlDemo.app */;
			productType = "com.apple.product-type.application";
		};
		F953AF901BF9749300E6712C /* HtmlDemoTests */ = {
			isa = PBXNativeTarget;
			buildConfigurationList = F953AFA81BF9749300E6712C /* Build configuration list for PBXNativeTarget "HtmlDemoTests" */;
			buildPhases = (
				F953AF8D1BF9749300E6712C /* Sources */,
				F953AF8E1BF9749300E6712C /* Frameworks */,
				F953AF8F1BF9749300E6712C /* Resources */,
			);
			buildRules = (
			);
			dependencies = (
				F953AF931BF9749300E6712C /* PBXTargetDependency */,
			);
			name = HtmlDemoTests;
			productName = testDemoTests;
			productReference = F953AF911BF9749300E6712C /* HtmlDemoTests.xctest */;
			productType = "com.apple.product-type.bundle.unit-test";
		};
		F953AF9B1BF9749300E6712C /* HtmlDemoUITests */ = {
			isa = PBXNativeTarget;
			buildConfigurationList = F953AFAB1BF9749300E6712C /* Build configuration list for PBXNativeTarget "HtmlDemoUITests" */;
			buildPhases = (
				F953AF981BF9749300E6712C /* Sources */,
				F953AF991BF9749300E6712C /* Frameworks */,
				F953AF9A1BF9749300E6712C /* Resources */,
			);
			buildRules = (
			);
			dependencies = (
				F953AF9E1BF9749300E6712C /* PBXTargetDependency */,
			);
			name = HtmlDemoUITests;
			productName = testDemoUITests;
			productReference = F953AF9C1BF9749300E6712C /* HtmlDemoTests.xctest */;
			productType = "com.apple.product-type.bundle.ui-testing";
		};
/* End PBXNativeTarget section */

/* Begin PBXProject section */
		F953AF701BF9749300E6712C /* Project object */ = {
			isa = PBXProject;
			attributes = {
				LastUpgradeCheck = 0710;
				ORGANIZATIONNAME = dasheng;
				TargetAttributes = {
					F953AF771BF9749300E6712C = {
						CreatedOnToolsVersion = 7.1;
					};
					F953AF901BF9749300E6712C = {
						CreatedOnToolsVersion = 7.1;
						TestTargetID = F953AF771BF9749300E6712C;
					};
					F953AF9B1BF9749300E6712C = {
						CreatedOnToolsVersion = 7.1;
						TestTargetID = F953AF771BF9749300E6712C;
					};
				};
			};
			buildConfigurationList = F953AF731BF9749300E6712C /* Build configuration list for PBXProject "HtmlDemo" */;
			compatibilityVersion = "Xcode 3.2";
			developmentRegion = English;
			hasScannedForEncodings = 0;
			knownRegions = (
				en,
				Base,
			);
			mainGroup = F953AF6F1BF9749300E6712C;
			productRefGroup = F953AF791BF9749300E6712C /* Products */;
			projectDirPath = "";
			projectRoot = "";
			targets = (
				F953AF771BF9749300E6712C /* HtmlDemo */,
				F953AF901BF9749300E6712C /* HtmlDemoTests */,
				F953AF9B1BF9749300E6712C /* HtmlDemoUITests */,
			);
		};
/* End PBXProject section */

/* Begin PBXResourcesBuildPhase section */
		F953AF761BF9749300E6712C /* Resources */ = {
			isa = PBXResourcesBuildPhase;
			buildActionMask = 2147483647;
			files = (
				F953AFBC1BF9E08F00E6712C /* index.html in Resources */,
				F953AFBA1BF9DE5900E6712C /* 2.pic_hd.jpg in Resources */,
				F953AFB71BF9ACF600E6712C /* index.js in Resources */,
				F953AFB61BF9ACF600E6712C /* index.css in Resources */,
				F953AF8B1BF9749300E6712C /* LaunchScreen.storyboard in Resources */,
				F953AF881BF9749300E6712C /* Assets.xcassets in Resources */,
				F953AF861BF9749300E6712C /* Main.storyboard in Resources */,
			);
			runOnlyForDeploymentPostprocessing = 0;
		};
		F953AF8F1BF9749300E6712C /* Resources */ = {
			isa = PBXResourcesBuildPhase;
			buildActionMask = 2147483647;
			files = (
			);
			runOnlyForDeploymentPostprocessing = 0;
		};
		F953AF9A1BF9749300E6712C /* Resources */ = {
			isa = PBXResourcesBuildPhase;
			buildActionMask = 2147483647;
			files = (
			);
			runOnlyForDeploymentPostprocessing = 0;
		};
/* End PBXResourcesBuildPhase section */

/* Begin PBXSourcesBuildPhase section */
		F953AF741BF9749300E6712C /* Sources */ = {
			isa = PBXSourcesBuildPhase;
			buildActionMask = 2147483647;
			files = (
				1367BBE11C3BED8000E0716B /* HTMLDownDemoViewController.m in Sources */,
				1367BBDC1C3BED2E00E0716B /* unzip.c in Sources */,
				1367BBCA1C3BE21500E0716B /* HTMLFileDemoViewController.m in Sources */,
				1367BBC31C3BDF4A00E0716B /* BaseViewController.m in Sources */,
				1367BBDE1C3BED2E00E0716B /* ZipArchive.mm in Sources */,
				1367BBDD1C3BED2E00E0716B /* zip.c in Sources */,
				1367BBDB1C3BED2E00E0716B /* mztools.c in Sources */,
				F953AF801BF9749300E6712C /* AppDelegate.m in Sources */,
				F953AF7D1BF9749300E6712C /* main.m in Sources */,
				1367BBC41C3BDF4A00E0716B /* RootViewController.m in Sources */,
				1367BBC71C3BDFF600E0716B /* HTMLStringDemoViewController.m in Sources */,
				1367BBDA1C3BED2E00E0716B /* ioapi.c in Sources */,
			);
			runOnlyForDeploymentPostprocessing = 0;
		};
		F953AF8D1BF9749300E6712C /* Sources */ = {
			isa = PBXSourcesBuildPhase;
			buildActionMask = 2147483647;
			files = (
				F953AF961BF9749300E6712C /* testDemoTests.m in Sources */,
			);
			runOnlyForDeploymentPostprocessing = 0;
		};
		F953AF981BF9749300E6712C /* Sources */ = {
			isa = PBXSourcesBuildPhase;
			buildActionMask = 2147483647;
			files = (
				F953AFA11BF9749300E6712C /* testDemoUITests.m in Sources */,
			);
			runOnlyForDeploymentPostprocessing = 0;
		};
/* End PBXSourcesBuildPhase section */

/* Begin PBXTargetDependency section */
		F953AF931BF9749300E6712C /* PBXTargetDependency */ = {
			isa = PBXTargetDependency;
			target = F953AF771BF9749300E6712C /* HtmlDemo */;
			targetProxy = F953AF921BF9749300E6712C /* PBXContainerItemProxy */;
		};
		F953AF9E1BF9749300E6712C /* PBXTargetDependency */ = {
			isa = PBXTargetDependency;
			target = F953AF771BF9749300E6712C /* HtmlDemo */;
			targetProxy = F953AF9D1BF9749300E6712C /* PBXContainerItemProxy */;
		};
/* End PBXTargetDependency section */

/* Begin PBXVariantGroup section */
		F953AF841BF9749300E6712C /* Main.storyboard */ = {
			isa = PBXVariantGroup;
			children = (
				F953AF851BF9749300E6712C /* Base */,
			);
			name = Main.storyboard;
			sourceTree = "<group>";
		};
		F953AF891BF9749300E6712C /* LaunchScreen.storyboard */ = {
			isa = PBXVariantGroup;
			children = (
				F953AF8A1BF9749300E6712C /* Base */,
			);
			name = LaunchScreen.storyboard;
			sourceTree = "<group>";
		};
/* End PBXVariantGroup section */

/* Begin XCBuildConfiguration section */
		F953AFA31BF9749300E6712C /* Debug */ = {
			isa = XCBuildConfiguration;
			buildSettings = {
				ALWAYS_SEARCH_USER_PATHS = NO;
				CLANG_CXX_LANGUAGE_STANDARD = "gnu++0x";
				CLANG_CXX_LIBRARY = "libc++";
				CLANG_ENABLE_MODULES = YES;
				CLANG_ENABLE_OBJC_ARC = YES;
				CLANG_WARN_BOOL_CONVERSION = YES;
				CLANG_WARN_CONSTANT_CONVERSION = YES;
				CLANG_WARN_DIRECT_OBJC_ISA_USAGE = YES_ERROR;
				CLANG_WARN_EMPTY_BODY = YES;
				CLANG_WARN_ENUM_CONVERSION = YES;
				CLANG_WARN_INT_CONVERSION = YES;
				CLANG_WARN_OBJC_ROOT_CLASS = YES_ERROR;
				CLANG_WARN_UNREACHABLE_CODE = YES;
				CLANG_WARN__DUPLICATE_METHOD_MATCH = YES;
				"CODE_SIGN_IDENTITY[sdk=iphoneos*]" = "iPhone Developer";
				COPY_PHASE_STRIP = NO;
				DEBUG_INFORMATION_FORMAT = dwarf;
				ENABLE_STRICT_OBJC_MSGSEND = YES;
				ENABLE_TESTABILITY = YES;
				GCC_C_LANGUAGE_STANDARD = gnu99;
				GCC_DYNAMIC_NO_PIC = NO;
				GCC_NO_COMMON_BLOCKS = YES;
				GCC_OPTIMIZATION_LEVEL = 0;
				GCC_PREPROCESSOR_DEFINITIONS = (
					"DEBUG=1",
					"$(inherited)",
				);
				GCC_WARN_64_TO_32_BIT_CONVERSION = YES;
				GCC_WARN_ABOUT_RETURN_TYPE = YES_ERROR;
				GCC_WARN_UNDECLARED_SELECTOR = YES;
				GCC_WARN_UNINITIALIZED_AUTOS = YES_AGGRESSIVE;
				GCC_WARN_UNUSED_FUNCTION = YES;
				GCC_WARN_UNUSED_VARIABLE = YES;
				IPHONEOS_DEPLOYMENT_TARGET = 9.1;
				MTL_ENABLE_DEBUG_INFO = YES;
				ONLY_ACTIVE_ARCH = YES;
				SDKROOT = iphoneos;
				TARGETED_DEVICE_FAMILY = "1,2";
			};
			name = Debug;
		};
		F953AFA41BF9749300E6712C /* Release */ = {
			isa = XCBuildConfiguration;
			buildSettings = {
				ALWAYS_SEARCH_USER_PATHS = NO;
				CLANG_CXX_LANGUAGE_STANDARD = "gnu++0x";
				CLANG_CXX_LIBRARY = "libc++";
				CLANG_ENABLE_MODULES = YES;
				CLANG_ENABLE_OBJC_ARC = YES;
				CLANG_WARN_BOOL_CONVERSION = YES;
				CLANG_WARN_CONSTANT_CONVERSION = YES;
				CLANG_WARN_DIRECT_OBJC_ISA_USAGE = YES_ERROR;
				CLANG_WARN_EMPTY_BODY = YES;
				CLANG_WARN_ENUM_CONVERSION = YES;
				CLANG_WARN_INT_CONVERSION = YES;
				CLANG_WARN_OBJC_ROOT_CLASS = YES_ERROR;
				CLANG_WARN_UNREACHABLE_CODE = YES;
				CLANG_WARN__DUPLICATE_METHOD_MATCH = YES;
				"CODE_SIGN_IDENTITY[sdk=iphoneos*]" = "iPhone Developer";
				COPY_PHASE_STRIP = NO;
				DEBUG_INFORMATION_FORMAT = "dwarf-with-dsym";
				ENABLE_NS_ASSERTIONS = NO;
				ENABLE_STRICT_OBJC_MSGSEND = YES;
				GCC_C_LANGUAGE_STANDARD = gnu99;
				GCC_NO_COMMON_BLOCKS = YES;
				GCC_WARN_64_TO_32_BIT_CONVERSION = YES;
				GCC_WARN_ABOUT_RETURN_TYPE = YES_ERROR;
				GCC_WARN_UNDECLARED_SELECTOR = YES;
				GCC_WARN_UNINITIALIZED_AUTOS = YES_AGGRESSIVE;
				GCC_WARN_UNUSED_FUNCTION = YES;
				GCC_WARN_UNUSED_VARIABLE = YES;
				IPHONEOS_DEPLOYMENT_TARGET = 9.1;
				MTL_ENABLE_DEBUG_INFO = NO;
				SDKROOT = iphoneos;
				TARGETED_DEVICE_FAMILY = "1,2";
				VALIDATE_PRODUCT = YES;
			};
			name = Release;
		};
		F953AFA61BF9749300E6712C /* Debug */ = {
			isa = XCBuildConfiguration;
			buildSettings = {
				ASSETCATALOG_COMPILER_APPICON_NAME = AppIcon;
				INFOPLIST_FILE = testDemo/Info.plist;
				IPHONEOS_DEPLOYMENT_TARGET = 7.0;
				LD_RUNPATH_SEARCH_PATHS = "$(inherited) @executable_path/Frameworks";
				PRODUCT_BUNDLE_IDENTIFIER = dasheng.HtmlDemo;
				PRODUCT_NAME = "$(TARGET_NAME)";
			};
			name = Debug;
		};
		F953AFA71BF9749300E6712C /* Release */ = {
			isa = XCBuildConfiguration;
			buildSettings = {
				ASSETCATALOG_COMPILER_APPICON_NAME = AppIcon;
				INFOPLIST_FILE = testDemo/Info.plist;
				IPHONEOS_DEPLOYMENT_TARGET = 7.0;
				LD_RUNPATH_SEARCH_PATHS = "$(inherited) @executable_path/Frameworks";
				PRODUCT_BUNDLE_IDENTIFIER = dasheng.HtmlDemo;
				PRODUCT_NAME = "$(TARGET_NAME)";
			};
			name = Release;
		};
		F953AFA91BF9749300E6712C /* Debug */ = {
			isa = XCBuildConfiguration;
			buildSettings = {
				BUNDLE_LOADER = "$(TEST_HOST)";
				INFOPLIST_FILE = testDemoTests/Info.plist;
				LD_RUNPATH_SEARCH_PATHS = "$(inherited) @executable_path/Frameworks @loader_path/Frameworks";
				PRODUCT_BUNDLE_IDENTIFIER = dasheng.testDemoTests;
				PRODUCT_NAME = HtmlDemoTests;
				TEST_HOST = "$(BUILT_PRODUCTS_DIR)/HtmlDemo.app/HtmlDemo";
			};
			name = Debug;
		};
		F953AFAA1BF9749300E6712C /* Release */ = {
			isa = XCBuildConfiguration;
			buildSettings = {
				BUNDLE_LOADER = "$(TEST_HOST)";
				INFOPLIST_FILE = testDemoTests/Info.plist;
				LD_RUNPATH_SEARCH_PATHS = "$(inherited) @executable_path/Frameworks @loader_path/Frameworks";
				PRODUCT_BUNDLE_IDENTIFIER = dasheng.testDemoTests;
				PRODUCT_NAME = HtmlDemoTests;
				TEST_HOST = "$(BUILT_PRODUCTS_DIR)/HtmlDemo.app/HtmlDemo";
			};
			name = Release;
		};
		F953AFAC1BF9749300E6712C /* Debug */ = {
			isa = XCBuildConfiguration;
			buildSettings = {
				INFOPLIST_FILE = testDemoUITests/Info.plist;
				LD_RUNPATH_SEARCH_PATHS = "$(inherited) @executable_path/Frameworks @loader_path/Frameworks";
				PRODUCT_BUNDLE_IDENTIFIER = dasheng.testDemoUITests;
				PRODUCT_NAME = HtmlDemoTests;
				TEST_TARGET_NAME = testDemo;
				USES_XCTRUNNER = YES;
			};
			name = Debug;
		};
		F953AFAD1BF9749300E6712C /* Release */ = {
			isa = XCBuildConfiguration;
			buildSettings = {
				INFOPLIST_FILE = testDemoUITests/Info.plist;
				LD_RUNPATH_SEARCH_PATHS = "$(inherited) @executable_path/Frameworks @loader_path/Frameworks";
				PRODUCT_BUNDLE_IDENTIFIER = dasheng.testDemoUITests;
				PRODUCT_NAME = HtmlDemoTests;
				TEST_TARGET_NAME = testDemo;
				USES_XCTRUNNER = YES;
			};
			name = Release;
		};
/* End XCBuildConfiguration section */

/* Begin XCConfigurationList section */
		F953AF731BF9749300E6712C /* Build configuration list for PBXProject "HtmlDemo" */ = {
			isa = XCConfigurationList;
			buildConfigurations = (
				F953AFA31BF9749300E6712C /* Debug */,
				F953AFA41BF9749300E6712C /* Release */,
			);
			defaultConfigurationIsVisible = 0;
			defaultConfigurationName = Release;
		};
		F953AFA51BF9749300E6712C /* Build configuration list for PBXNativeTarget "HtmlDemo" */ = {
			isa = XCConfigurationList;
			buildConfigurations = (
				F953AFA61BF9749300E6712C /* Debug */,
				F953AFA71BF9749300E6712C /* Release */,
			);
			defaultConfigurationIsVisible = 0;
			defaultConfigurationName = Release;
		};
		F953AFA81BF9749300E6712C /* Build configuration list for PBXNativeTarget "HtmlDemoTests" */ = {
			isa = XCConfigurationList;
			buildConfigurations = (
				F953AFA91BF9749300E6712C /* Debug */,
				F953AFAA1BF9749300E6712C /* Release */,
			);
			defaultConfigurationIsVisible = 0;
			defaultConfigurationName = Release;
		};
		F953AFAB1BF9749300E6712C /* Build configuration list for PBXNativeTarget "HtmlDemoUITests" */ = {
			isa = XCConfigurationList;
			buildConfigurations = (
				F953AFAC1BF9749300E6712C /* Debug */,
				F953AFAD1BF9749300E6712C /* Release */,
			);
			defaultConfigurationIsVisible = 0;
			defaultConfigurationName = Release;
		};
/* End XCConfigurationList section */
	};
	rootObject = F953AF701BF9749300E6712C /* Project object */;
}
